{
  "name": "import-module",
  "version": "1.0.0",
  "lockfileVersion": 3,
  "requires": true,
  "packages": {
    "": {
      "name": "import-module",
      "version": "1.0.0",
      "license": "ISC",
      "dependencies": {
        "import-module": "github:Sindhuk96/mathops"
      }
    },
    "node_modules/import-module": {
      "version": "1.0.0",
      "resolved": "git+ssh://git@github.com/Sindhuk96/mathops.git#2fbf0a2d29f57b307aada748acd1015b7989e188",
      "license": "ISC"
    }
  }
}
